{
  "version": 4,
  "terraform_version": "0.12.6",
  "serial": 181,
  "lineage": "62f32927-fb5b-e3b8-2187-53bece6f99fc",
  "outputs": {},
  "resources": [
    {
      "mode": "managed",
      "type": "openstack_compute_secgroup_v2",
      "name": "securitygroup_1",
      "provider": "provider.openstack",
      "instances": [
        {
          "schema_version": 0,
          "attributes": {
            "description": "allows ssh and http/https access to ports 80 and 22",
            "id": "016dc72c-674c-4c29-9a6f-17e5b6e1d53f",
            "name": "security_group_ca6",
            "region": "regionOne",
            "rule": [
              {
                "cidr": "0.0.0.0/0",
                "from_group_id": "",
                "from_port": 22,
                "id": "2b6096a8-f48f-4d37-90c6-1a32aeaa8714",
                "ip_protocol": "tcp",
                "self": false,
                "to_port": 22
              },
              {
                "cidr": "0.0.0.0/0",
                "from_group_id": "",
                "from_port": 80,
                "id": "0c6da099-30d1-410a-b376-13cd33b1368b",
                "ip_protocol": "tcp",
                "self": false,
                "to_port": 80
              }
            ],
            "timeouts": null
          }
        }
      ]
    }
  ]
}
