{
  "version": 4,
  "terraform_version": "0.12.6",
  "serial": 293,
  "lineage": "62f32927-fb5b-e3b8-2187-53bece6f99fc",
  "outputs": {
    "address": {
      "value": "172.27.83.29",
      "type": "string"
    }
  },
  "resources": [
    {
      "mode": "managed",
      "type": "openstack_compute_floatingip_associate_v2",
      "name": "floatingip_name_associate",
      "provider": "provider.openstack",
      "instances": []
    },
    {
      "mode": "managed",
      "type": "openstack_compute_instance_v2",
      "name": "instance_name",
      "provider": "provider.openstack",
      "instances": [
        {
          "status": "tainted",
          "schema_version": 0,
          "attributes": {
            "access_ip_v4": "192.168.252.31",
            "access_ip_v6": "",
            "admin_pass": null,
            "all_metadata": {},
            "availability_zone": "nova",
            "block_device": [],
            "config_drive": null,
            "flavor_id": "2000",
            "flavor_name": "m1.tiny",
            "floating_ip": null,
            "force_delete": false,
            "id": "d93e5a49-3769-4876-889d-54b5b5e861a0",
            "image_id": "2896f329-9951-4fb4-b56f-187a11e1c2c6",
            "image_name": "bionic-WTSI-docker_b5612",
            "key_pair": "eta-hgi-keypair-ca6",
            "metadata": null,
            "name": "eta-cellgen-ca6",
            "network": [
              {
                "access_network": false,
                "fixed_ip_v4": "192.168.252.31",
                "fixed_ip_v6": "",
                "floating_ip": "",
                "mac": "fa:16:3e:d9:fe:3d",
                "name": "cloudforms_network",
                "port": "",
                "uuid": "45ac7a6b-86bc-41fa-b350-6ede15c0b4e5"
              }
            ],
            "personality": [],
            "power_state": "active",
            "region": "regionOne",
            "scheduler_hints": [],
            "security_groups": [
              "security_group_ca6"
            ],
            "stop_before_destroy": false,
            "timeouts": null,
            "user_data": null,
            "vendor_options": [],
            "volume": []
          },
          "private": "eyJlMmJmYjczMC1lY2FhLTExZTYtOGY4OC0zNDM2M2JjN2M0YzAiOnsiY3JlYXRlIjoxODAwMDAwMDAwMDAwLCJkZWxldGUiOjE4MDAwMDAwMDAwMDAsInVwZGF0ZSI6MTgwMDAwMDAwMDAwMH19",
          "depends_on": [
            "openstack_compute_secgroup_v2.securitygroup_1"
          ]
        }
      ]
    },
    {
      "mode": "managed",
      "type": "openstack_compute_secgroup_v2",
      "name": "securitygroup_1",
      "provider": "provider.openstack",
      "instances": [
        {
          "schema_version": 0,
          "attributes": {
            "description": "allows ssh and http/https access to ports 80 and 22",
            "id": "0fda2a0b-ea0e-49a4-9ab5-624285adfa64",
            "name": "security_group_ca6",
            "region": "regionOne",
            "rule": [
              {
                "cidr": "0.0.0.0/0",
                "from_group_id": "",
                "from_port": 22,
                "id": "8818e71d-392d-43b6-a3c1-8c8f48607d62",
                "ip_protocol": "tcp",
                "self": false,
                "to_port": 22
              },
              {
                "cidr": "0.0.0.0/0",
                "from_group_id": "",
                "from_port": 80,
                "id": "65d52e0d-7723-4f41-ab6c-892fa90c8018",
                "ip_protocol": "tcp",
                "self": false,
                "to_port": 80
              }
            ],
            "timeouts": null
          },
          "private": "eyJlMmJmYjczMC1lY2FhLTExZTYtOGY4OC0zNDM2M2JjN2M0YzAiOnsiZGVsZXRlIjo2MDAwMDAwMDAwMDB9fQ=="
        }
      ]
    },
    {
      "mode": "managed",
      "type": "openstack_compute_volume_attach_v2",
      "name": "eta-cellgen-ca6-volume",
      "provider": "provider.openstack",
      "instances": []
    }
  ]
}
