{
  "version": 4,
  "terraform_version": "0.12.6",
  "serial": 214,
  "lineage": "62f32927-fb5b-e3b8-2187-53bece6f99fc",
  "outputs": {},
  "resources": [
    {
      "mode": "managed",
      "type": "openstack_compute_secgroup_v2",
      "name": "securitygroup_1",
      "provider": "provider.openstack",
      "instances": [
        {
          "schema_version": 0,
          "attributes": {
            "description": "allows ssh and http/https access to ports 80 and 22",
            "id": "87b61c04-ea4a-4343-bd43-ec4d2ddcb48e",
            "name": "security_group_ca6",
            "region": "regionOne",
            "rule": [
              {
                "cidr": "0.0.0.0/0",
                "from_group_id": "",
                "from_port": 22,
                "id": "0f6e910f-a580-467b-8728-848485e6b043",
                "ip_protocol": "tcp",
                "self": false,
                "to_port": 22
              },
              {
                "cidr": "0.0.0.0/0",
                "from_group_id": "",
                "from_port": 80,
                "id": "252f1d6d-1cb5-4059-a61b-50c409279b85",
                "ip_protocol": "tcp",
                "self": false,
                "to_port": 80
              }
            ],
            "timeouts": null
          }
        }
      ]
    }
  ]
}
