{
    "version": 3,
    "terraform_version": "0.11.14",
    "serial": 30,
    "lineage": "a33d18a0-305e-7ec2-9e69-10d1029d7e0b",
    "modules": [
        {
            "path": [
                "root"
            ],
            "outputs": {
                "address": {
                    "sensitive": false,
                    "type": "string",
                    "value": "172.27.83.155:80"
                }
            },
            "resources": {
                "null_resource.null_provisioner": {
                    "type": "null_resource",
                    "depends_on": [
                        "openstack_compute_instance_v2.instance_name"
                    ],
                    "primary": {
                        "id": "8858460844186030432",
                        "attributes": {
                            "id": "8858460844186030432",
                            "triggers.%": "1",
                            "triggers.instance_id": "a696f2da-3564-4dc4-88b8-a2acc4dd9975"
                        },
                        "meta": {},
                        "tainted": false
                    },
                    "deposed": [],
                    "provider": "provider.null"
                },
                "openstack_compute_floatingip_associate_v2.floatingip_name_associate": {
                    "type": "openstack_compute_floatingip_associate_v2",
                    "depends_on": [
                        "openstack_compute_instance_v2.instance_name"
                    ],
                    "primary": {
                        "id": "172.27.83.155/a696f2da-3564-4dc4-88b8-a2acc4dd9975/",
                        "attributes": {
                            "fixed_ip": "",
                            "floating_ip": "172.27.83.155",
                            "id": "172.27.83.155/a696f2da-3564-4dc4-88b8-a2acc4dd9975/",
                            "instance_id": "a696f2da-3564-4dc4-88b8-a2acc4dd9975",
                            "region": "regionOne",
                            "wait_until_associated": "false"
                        },
                        "meta": {
                            "e2bfb730-ecaa-11e6-8f88-34363bc7c4c0": {
                                "create": 600000000000
                            }
                        },
                        "tainted": false
                    },
                    "deposed": [],
                    "provider": "provider.openstack"
                },
                "openstack_compute_instance_v2.instance_name": {
                    "type": "openstack_compute_instance_v2",
                    "depends_on": [
                        "openstack_compute_secgroup_v2.securitygroup_1"
                    ],
                    "primary": {
                        "id": "a696f2da-3564-4dc4-88b8-a2acc4dd9975",
                        "attributes": {
                            "access_ip_v4": "192.168.252.31",
                            "access_ip_v6": "",
                            "all_metadata.%": "0",
                            "availability_zone": "nova",
                            "flavor_id": "2004",
                            "flavor_name": "m1.xlarge",
                            "force_delete": "false",
                            "id": "a696f2da-3564-4dc4-88b8-a2acc4dd9975",
                            "image_id": "2896f329-9951-4fb4-b56f-187a11e1c2c6",
                            "image_name": "bionic-WTSI-docker_b5612",
                            "key_pair": "eta-hgi-keypair-ca6",
                            "name": "eta-cellgen-ca6-test",
                            "network.#": "1",
                            "network.0.access_network": "false",
                            "network.0.fixed_ip_v4": "192.168.252.31",
                            "network.0.fixed_ip_v6": "",
                            "network.0.floating_ip": "",
                            "network.0.mac": "fa:16:3e:15:ac:c8",
                            "network.0.name": "cloudforms_network",
                            "network.0.port": "",
                            "network.0.uuid": "45ac7a6b-86bc-41fa-b350-6ede15c0b4e5",
                            "power_state": "active",
                            "region": "regionOne",
                            "security_groups.#": "1",
                            "security_groups.1953151608": "security_group_ca6_test",
                            "stop_before_destroy": "false"
                        },
                        "meta": {
                            "e2bfb730-ecaa-11e6-8f88-34363bc7c4c0": {
                                "create": 1800000000000,
                                "delete": 1800000000000,
                                "update": 1800000000000
                            }
                        },
                        "tainted": false
                    },
                    "deposed": [],
                    "provider": "provider.openstack"
                },
                "openstack_compute_secgroup_v2.securitygroup_1": {
                    "type": "openstack_compute_secgroup_v2",
                    "depends_on": [],
                    "primary": {
                        "id": "71c0053a-a9a7-47cb-897d-1e58284e7b12",
                        "attributes": {
                            "description": "allows ssh and http/https access to ports 80 and 22",
                            "id": "71c0053a-a9a7-47cb-897d-1e58284e7b12",
                            "name": "security_group_ca6_test",
                            "region": "regionOne",
                            "rule.#": "2",
                            "rule.3719211069.cidr": "0.0.0.0/0",
                            "rule.3719211069.from_group_id": "",
                            "rule.3719211069.from_port": "80",
                            "rule.3719211069.id": "dbf989c4-d01c-499c-a6ad-6ee938f1a2b0",
                            "rule.3719211069.ip_protocol": "tcp",
                            "rule.3719211069.self": "false",
                            "rule.3719211069.to_port": "80",
                            "rule.836640770.cidr": "0.0.0.0/0",
                            "rule.836640770.from_group_id": "",
                            "rule.836640770.from_port": "22",
                            "rule.836640770.id": "52052268-a0b3-416c-bbdb-f16a0d95be0a",
                            "rule.836640770.ip_protocol": "tcp",
                            "rule.836640770.self": "false",
                            "rule.836640770.to_port": "22"
                        },
                        "meta": {
                            "e2bfb730-ecaa-11e6-8f88-34363bc7c4c0": {
                                "delete": 600000000000
                            }
                        },
                        "tainted": false
                    },
                    "deposed": [],
                    "provider": "provider.openstack"
                },
                "openstack_compute_volume_attach_v2.eta-cellgen-ca6-volume-test": {
                    "type": "openstack_compute_volume_attach_v2",
                    "depends_on": [
                        "openstack_compute_instance_v2.instance_name"
                    ],
                    "primary": {
                        "id": "a696f2da-3564-4dc4-88b8-a2acc4dd9975/db734b93-7ed5-4a64-b752-72e7386f4165",
                        "attributes": {
                            "device": "/dev/vdb",
                            "id": "a696f2da-3564-4dc4-88b8-a2acc4dd9975/db734b93-7ed5-4a64-b752-72e7386f4165",
                            "instance_id": "a696f2da-3564-4dc4-88b8-a2acc4dd9975",
                            "region": "regionOne",
                            "volume_id": "db734b93-7ed5-4a64-b752-72e7386f4165"
                        },
                        "meta": {
                            "e2bfb730-ecaa-11e6-8f88-34363bc7c4c0": {
                                "create": 600000000000,
                                "delete": 600000000000
                            }
                        },
                        "tainted": false
                    },
                    "deposed": [],
                    "provider": "provider.openstack"
                }
            },
            "depends_on": []
        }
    ]
}
